// !$*UTF8*$!
{
	archiveVersion = 1;
	classes = {
	};
	objectVersion = 46;
	objects = {

/* Begin PBXBuildFile section */
		8201B63519507AED0048CA56 /* JReqJobApplication.m in Sources */ = {isa = PBXBuildFile; fileRef = 8201B63419507AED0048CA56 /* JReqJobApplication.m */; };
		8201B63819507AFD0048CA56 /* ATSJobApplication.m in Sources */ = {isa = PBXBuildFile; fileRef = 8201B63719507AFD0048CA56 /* ATSJobApplication.m */; };
		8201B63B19507D590048CA56 /* CSVReportGenerator.m in Sources */ = {isa = PBXBuildFile; fileRef = 8201B63A19507D590048CA56 /* CSVReportGenerator.m */; };
		8201B63E19507D6D0048CA56 /* HTMLReportGenerator.m in Sources */ = {isa = PBXBuildFile; fileRef = 8201B63D19507D6D0048CA56 /* HTMLReportGenerator.m */; };
		8201B641195080F70048CA56 /* JobApplicationReport.m in Sources */ = {isa = PBXBuildFile; fileRef = 8201B640195080F70048CA56 /* JobApplicationReport.m */; };
		8201B64719508FC10048CA56 /* JobPostedDate.m in Sources */ = {isa = PBXBuildFile; fileRef = 8201B64619508FC10048CA56 /* JobPostedDate.m */; };
		8201B64A195090940048CA56 /* JobApplicationDate.m in Sources */ = {isa = PBXBuildFile; fileRef = 8201B649195090940048CA56 /* JobApplicationDate.m */; };
		820557141953766500E455FA /* EmployerModel.m in Sources */ = {isa = PBXBuildFile; fileRef = 820557131953766500E455FA /* EmployerModel.m */; };
		821CE343193F723C00E5447F /* main.m in Sources */ = {isa = PBXBuildFile; fileRef = 821CE342193F723C00E5447F /* main.m */; };
		821CE346193F723C00E5447F /* AppDelegate.m in Sources */ = {isa = PBXBuildFile; fileRef = 821CE345193F723C00E5447F /* AppDelegate.m */; };
		821CE349193F723C00E5447F /* FirstViewController.m in Sources */ = {isa = PBXBuildFile; fileRef = 821CE348193F723C00E5447F /* FirstViewController.m */; };
		821CE34C193F723C00E5447F /* SecondViewController.m in Sources */ = {isa = PBXBuildFile; fileRef = 821CE34B193F723C00E5447F /* SecondViewController.m */; };
		821CE34F193F723C00E5447F /* Main.storyboard in Resources */ = {isa = PBXBuildFile; fileRef = 821CE34D193F723C00E5447F /* Main.storyboard */; };
		821CE351193F723C00E5447F /* Images.xcassets in Resources */ = {isa = PBXBuildFile; fileRef = 821CE350193F723C00E5447F /* Images.xcassets */; };
		821CE35D193F723C00E5447F /* NewLaddersTests.m in Sources */ = {isa = PBXBuildFile; fileRef = 821CE35C193F723C00E5447F /* NewLaddersTests.m */; };
		821CE368193F727200E5447F /* Employer.m in Sources */ = {isa = PBXBuildFile; fileRef = 821CE367193F727200E5447F /* Employer.m */; };
		821CE36B193F728500E5447F /* Jobseeker.m in Sources */ = {isa = PBXBuildFile; fileRef = 821CE36A193F728500E5447F /* Jobseeker.m */; };
		821CE371193F731E00E5447F /* Resume.m in Sources */ = {isa = PBXBuildFile; fileRef = 821CE370193F731E00E5447F /* Resume.m */; };
		821DE47F196DFD770012969D /* UserDisplayName.m in Sources */ = {isa = PBXBuildFile; fileRef = 821DE47E196DFD770012969D /* UserDisplayName.m */; };
		821DE482196DFD960012969D /* JobDisplayName.m in Sources */ = {isa = PBXBuildFile; fileRef = 821DE481196DFD960012969D /* JobDisplayName.m */; };
		82211B93196D60D300B0369B /* JobIDGenerator.m in Sources */ = {isa = PBXBuildFile; fileRef = 82211B92196D60D300B0369B /* JobIDGenerator.m */; };
		822181DE19659C3A00993891 /* JobSeekerRepositiory.m in Sources */ = {isa = PBXBuildFile; fileRef = 822181DD19659C3A00993891 /* JobSeekerRepositiory.m */; };
		822181E11965A81600993891 /* JobSeekersCollection.m in Sources */ = {isa = PBXBuildFile; fileRef = 822181E01965A81600993891 /* JobSeekersCollection.m */; };
		8228BE69195B0C4C000A7E90 /* Resumes.m in Sources */ = {isa = PBXBuildFile; fileRef = 8228BE68195B0C4C000A7E90 /* Resumes.m */; };
		822C7EB8196F1920003EB958 /* JobsModel.m in Sources */ = {isa = PBXBuildFile; fileRef = 822C7EB7196F1920003EB958 /* JobsModel.m */; };
		822C7EBB196F19CD003EB958 /* PostedJobsForJobID.m in Sources */ = {isa = PBXBuildFile; fileRef = 822C7EBA196F19CD003EB958 /* PostedJobsForJobID.m */; };
		825CA21D195DF5DF00FFD5B0 /* JobApplicationCoreFields.m in Sources */ = {isa = PBXBuildFile; fileRef = 825CA21C195DF5DF00FFD5B0 /* JobApplicationCoreFields.m */; };
		825CA222195DFCBA00FFD5B0 /* CSVReportStringGenerator.m in Sources */ = {isa = PBXBuildFile; fileRef = 825CA221195DFCBA00FFD5B0 /* CSVReportStringGenerator.m */; };
		825CA225195DFCC800FFD5B0 /* HTMLReportStringGenerator.m in Sources */ = {isa = PBXBuildFile; fileRef = 825CA224195DFCC800FFD5B0 /* HTMLReportStringGenerator.m */; };
		827ADE13196451060070045F /* JobSeekerIDName.m in Sources */ = {isa = PBXBuildFile; fileRef = 827ADE12196451060070045F /* JobSeekerIDName.m */; };
		82A728BD19537E3F0039DF87 /* JSModel.m in Sources */ = {isa = PBXBuildFile; fileRef = 82A728BC19537E3F0039DF87 /* JSModel.m */; };
		82A728C019537E610039DF87 /* JAModel.m in Sources */ = {isa = PBXBuildFile; fileRef = 82A728BF19537E610039DF87 /* JAModel.m */; };
		82A728C2195384900039DF87 /* ReportGenerationTests.m in Sources */ = {isa = PBXBuildFile; fileRef = 82A728C1195384900039DF87 /* ReportGenerationTests.m */; };
		82A728C5195384D90039DF87 /* JobMetaData.m in Sources */ = {isa = PBXBuildFile; fileRef = 82A728C4195384D90039DF87 /* JobMetaData.m */; };
		82AFB9B4194B7A82002ECF5A /* IDentifer.m in Sources */ = {isa = PBXBuildFile; fileRef = 82AFB9B3194B7A82002ECF5A /* IDentifer.m */; };
		82AFB9B8194B8F85002ECF5A /* JreqJob.m in Sources */ = {isa = PBXBuildFile; fileRef = 82AFB9B7194B8F85002ECF5A /* JreqJob.m */; };
		82AFB9BB194B8F93002ECF5A /* ATSJob.m in Sources */ = {isa = PBXBuildFile; fileRef = 82AFB9BA194B8F93002ECF5A /* ATSJob.m */; };
		82C31BFA19703265002662F9 /* JobAppliedDateResume.m in Sources */ = {isa = PBXBuildFile; fileRef = 82C31BF919703265002662F9 /* JobAppliedDateResume.m */; };
		82CDE9F41958B2E500FD06E0 /* JobIDName.m in Sources */ = {isa = PBXBuildFile; fileRef = 82CDE9F31958B2E500FD06E0 /* JobIDName.m */; };
		82CDE9F71958B93C00FD06E0 /* JobsForEmployers.m in Sources */ = {isa = PBXBuildFile; fileRef = 82CDE9F61958B93C00FD06E0 /* JobsForEmployers.m */; };
		82CDE9FA1958BEBF00FD06E0 /* JobApplications.m in Sources */ = {isa = PBXBuildFile; fileRef = 82CDE9F91958BEBF00FD06E0 /* JobApplications.m */; };
		82D59C7D1951D64400CB917E /* EmployerTests.m in Sources */ = {isa = PBXBuildFile; fileRef = 82D59C7C1951D64400CB917E /* EmployerTests.m */; };
		82DF769D1953502700504F8C /* JobseekerTest.m in Sources */ = {isa = PBXBuildFile; fileRef = 82DF769C1953502700504F8C /* JobseekerTest.m */; };
		82FF9247195A1C160087C3E7 /* JobApplicationsForJobIDs.m in Sources */ = {isa = PBXBuildFile; fileRef = 82FF9246195A1C160087C3E7 /* JobApplicationsForJobIDs.m */; };
		82FF924A195A1CC10087C3E7 /* AppliedJobsForJobseeker.m in Sources */ = {isa = PBXBuildFile; fileRef = 82FF9249195A1CC10087C3E7 /* AppliedJobsForJobseeker.m */; };
		82FF924D195AE7910087C3E7 /* SavedJobsForJobseeker.m in Sources */ = {isa = PBXBuildFile; fileRef = 82FF924C195AE7910087C3E7 /* SavedJobsForJobseeker.m */; };
		82FF9251195AE8570087C3E7 /* JobApplicationsForADay.m in Sources */ = {isa = PBXBuildFile; fileRef = 82FF9250195AE8570087C3E7 /* JobApplicationsForADay.m */; };
		82FF9256195AE8B60087C3E7 /* SavedJobs.m in Sources */ = {isa = PBXBuildFile; fileRef = 82FF9255195AE8B60087C3E7 /* SavedJobs.m */; };
		82FF9259195AE8C50087C3E7 /* AppliedJobs.m in Sources */ = {isa = PBXBuildFile; fileRef = 82FF9258195AE8C50087C3E7 /* AppliedJobs.m */; };
		82FF925C195AE91E0087C3E7 /* PostedJobs.m in Sources */ = {isa = PBXBuildFile; fileRef = 82FF925B195AE91E0087C3E7 /* PostedJobs.m */; };
/* End PBXBuildFile section */

/* Begin PBXContainerItemProxy section */
		821CE357193F723C00E5447F /* PBXContainerItemProxy */ = {
			isa = PBXContainerItemProxy;
			containerPortal = 821CE335193F723C00E5447F /* Project object */;
			proxyType = 1;
			remoteGlobalIDString = 821CE33C193F723C00E5447F;
			remoteInfo = NewLadders;
		};
/* End PBXContainerItemProxy section */

/* Begin PBXFileReference section */
		8201B63319507AED0048CA56 /* JReqJobApplication.h */ = {isa = PBXFileReference; fileEncoding = 4; lastKnownFileType = sourcecode.c.h; path = JReqJobApplication.h; sourceTree = "<group>"; };
		8201B63419507AED0048CA56 /* JReqJobApplication.m */ = {isa = PBXFileReference; fileEncoding = 4; lastKnownFileType = sourcecode.c.objc; path = JReqJobApplication.m; sourceTree = "<group>"; };
		8201B63619507AFD0048CA56 /* ATSJobApplication.h */ = {isa = PBXFileReference; fileEncoding = 4; lastKnownFileType = sourcecode.c.h; path = ATSJobApplication.h; sourceTree = "<group>"; };
		8201B63719507AFD0048CA56 /* ATSJobApplication.m */ = {isa = PBXFileReference; fileEncoding = 4; lastKnownFileType = sourcecode.c.objc; path = ATSJobApplication.m; sourceTree = "<group>"; };
		8201B63919507D590048CA56 /* CSVReportGenerator.h */ = {isa = PBXFileReference; fileEncoding = 4; lastKnownFileType = sourcecode.c.h; path = CSVReportGenerator.h; sourceTree = "<group>"; };
		8201B63A19507D590048CA56 /* CSVReportGenerator.m */ = {isa = PBXFileReference; fileEncoding = 4; lastKnownFileType = sourcecode.c.objc; path = CSVReportGenerator.m; sourceTree = "<group>"; };
		8201B63C19507D6D0048CA56 /* HTMLReportGenerator.h */ = {isa = PBXFileReference; fileEncoding = 4; lastKnownFileType = sourcecode.c.h; path = HTMLReportGenerator.h; sourceTree = "<group>"; };
		8201B63D19507D6D0048CA56 /* HTMLReportGenerator.m */ = {isa = PBXFileReference; fileEncoding = 4; lastKnownFileType = sourcecode.c.objc; path = HTMLReportGenerator.m; sourceTree = "<group>"; };
		8201B63F195080F70048CA56 /* JobApplicationReport.h */ = {isa = PBXFileReference; fileEncoding = 4; lastKnownFileType = sourcecode.c.h; path = JobApplicationReport.h; sourceTree = "<group>"; };
		8201B640195080F70048CA56 /* JobApplicationReport.m */ = {isa = PBXFileReference; fileEncoding = 4; lastKnownFileType = sourcecode.c.objc; path = JobApplicationReport.m; sourceTree = "<group>"; };
		8201B642195083110048CA56 /* IReport.h */ = {isa = PBXFileReference; fileEncoding = 4; lastKnownFileType = sourcecode.c.h; path = IReport.h; sourceTree = "<group>"; };
		8201B64519508FC10048CA56 /* JobPostedDate.h */ = {isa = PBXFileReference; fileEncoding = 4; lastKnownFileType = sourcecode.c.h; path = JobPostedDate.h; sourceTree = "<group>"; };
		8201B64619508FC10048CA56 /* JobPostedDate.m */ = {isa = PBXFileReference; fileEncoding = 4; lastKnownFileType = sourcecode.c.objc; path = JobPostedDate.m; sourceTree = "<group>"; };
		8201B648195090940048CA56 /* JobApplicationDate.h */ = {isa = PBXFileReference; fileEncoding = 4; lastKnownFileType = sourcecode.c.h; path = JobApplicationDate.h; sourceTree = "<group>"; };
		8201B649195090940048CA56 /* JobApplicationDate.m */ = {isa = PBXFileReference; fileEncoding = 4; lastKnownFileType = sourcecode.c.objc; path = JobApplicationDate.m; sourceTree = "<group>"; };
		820557121953766500E455FA /* EmployerModel.h */ = {isa = PBXFileReference; fileEncoding = 4; lastKnownFileType = sourcecode.c.h; path = EmployerModel.h; sourceTree = "<group>"; };
		820557131953766500E455FA /* EmployerModel.m */ = {isa = PBXFileReference; fileEncoding = 4; lastKnownFileType = sourcecode.c.objc; path = EmployerModel.m; sourceTree = "<group>"; };
		821CE33D193F723C00E5447F /* NewLadders.app */ = {isa = PBXFileReference; explicitFileType = wrapper.application; includeInIndex = 0; path = NewLadders.app; sourceTree = BUILT_PRODUCTS_DIR; };
		821CE341193F723C00E5447F /* Info.plist */ = {isa = PBXFileReference; lastKnownFileType = text.plist.xml; path = Info.plist; sourceTree = "<group>"; };
		821CE342193F723C00E5447F /* main.m */ = {isa = PBXFileReference; lastKnownFileType = sourcecode.c.objc; path = main.m; sourceTree = "<group>"; };
		821CE344193F723C00E5447F /* AppDelegate.h */ = {isa = PBXFileReference; lastKnownFileType = sourcecode.c.h; path = AppDelegate.h; sourceTree = "<group>"; };
		821CE345193F723C00E5447F /* AppDelegate.m */ = {isa = PBXFileReference; lastKnownFileType = sourcecode.c.objc; path = AppDelegate.m; sourceTree = "<group>"; };
		821CE347193F723C00E5447F /* FirstViewController.h */ = {isa = PBXFileReference; lastKnownFileType = sourcecode.c.h; path = FirstViewController.h; sourceTree = "<group>"; };
		821CE348193F723C00E5447F /* FirstViewController.m */ = {isa = PBXFileReference; lastKnownFileType = sourcecode.c.objc; path = FirstViewController.m; sourceTree = "<group>"; };
		821CE34A193F723C00E5447F /* SecondViewController.h */ = {isa = PBXFileReference; lastKnownFileType = sourcecode.c.h; path = SecondViewController.h; sourceTree = "<group>"; };
		821CE34B193F723C00E5447F /* SecondViewController.m */ = {isa = PBXFileReference; lastKnownFileType = sourcecode.c.objc; path = SecondViewController.m; sourceTree = "<group>"; };
		821CE34E193F723C00E5447F /* Base */ = {isa = PBXFileReference; lastKnownFileType = file.storyboard; name = Base; path = Base.lproj/Main.storyboard; sourceTree = "<group>"; };
		821CE350193F723C00E5447F /* Images.xcassets */ = {isa = PBXFileReference; lastKnownFileType = folder.assetcatalog; path = Images.xcassets; sourceTree = "<group>"; };
		821CE356193F723C00E5447F /* NewLaddersTests.xctest */ = {isa = PBXFileReference; explicitFileType = wrapper.cfbundle; includeInIndex = 0; path = NewLaddersTests.xctest; sourceTree = BUILT_PRODUCTS_DIR; };
		821CE35B193F723C00E5447F /* Info.plist */ = {isa = PBXFileReference; lastKnownFileType = text.plist.xml; path = Info.plist; sourceTree = "<group>"; };
		821CE35C193F723C00E5447F /* NewLaddersTests.m */ = {isa = PBXFileReference; lastKnownFileType = sourcecode.c.objc; path = NewLaddersTests.m; sourceTree = "<group>"; };
		821CE366193F727200E5447F /* Employer.h */ = {isa = PBXFileReference; fileEncoding = 4; lastKnownFileType = sourcecode.c.h; path = Employer.h; sourceTree = "<group>"; };
		821CE367193F727200E5447F /* Employer.m */ = {isa = PBXFileReference; fileEncoding = 4; lastKnownFileType = sourcecode.c.objc; path = Employer.m; sourceTree = "<group>"; };
		821CE369193F728500E5447F /* Jobseeker.h */ = {isa = PBXFileReference; fileEncoding = 4; lastKnownFileType = sourcecode.c.h; path = Jobseeker.h; sourceTree = "<group>"; };
		821CE36A193F728500E5447F /* Jobseeker.m */ = {isa = PBXFileReference; fileEncoding = 4; lastKnownFileType = sourcecode.c.objc; path = Jobseeker.m; sourceTree = "<group>"; };
		821CE36F193F731E00E5447F /* Resume.h */ = {isa = PBXFileReference; fileEncoding = 4; lastKnownFileType = sourcecode.c.h; path = Resume.h; sourceTree = "<group>"; };
		821CE370193F731E00E5447F /* Resume.m */ = {isa = PBXFileReference; fileEncoding = 4; lastKnownFileType = sourcecode.c.objc; path = Resume.m; sourceTree = "<group>"; };
		821DE47D196DFD770012969D /* UserDisplayName.h */ = {isa = PBXFileReference; fileEncoding = 4; lastKnownFileType = sourcecode.c.h; path = UserDisplayName.h; sourceTree = "<group>"; };
		821DE47E196DFD770012969D /* UserDisplayName.m */ = {isa = PBXFileReference; fileEncoding = 4; lastKnownFileType = sourcecode.c.objc; path = UserDisplayName.m; sourceTree = "<group>"; };
		821DE480196DFD960012969D /* JobDisplayName.h */ = {isa = PBXFileReference; fileEncoding = 4; lastKnownFileType = sourcecode.c.h; path = JobDisplayName.h; sourceTree = "<group>"; };
		821DE481196DFD960012969D /* JobDisplayName.m */ = {isa = PBXFileReference; fileEncoding = 4; lastKnownFileType = sourcecode.c.objc; path = JobDisplayName.m; sourceTree = "<group>"; };
		82211B91196D60D300B0369B /* JobIDGenerator.h */ = {isa = PBXFileReference; fileEncoding = 4; lastKnownFileType = sourcecode.c.h; path = JobIDGenerator.h; sourceTree = "<group>"; };
		82211B92196D60D300B0369B /* JobIDGenerator.m */ = {isa = PBXFileReference; fileEncoding = 4; lastKnownFileType = sourcecode.c.objc; path = JobIDGenerator.m; sourceTree = "<group>"; };
		822181DC19659C3A00993891 /* JobSeekerRepositiory.h */ = {isa = PBXFileReference; fileEncoding = 4; lastKnownFileType = sourcecode.c.h; path = JobSeekerRepositiory.h; sourceTree = "<group>"; };
		822181DD19659C3A00993891 /* JobSeekerRepositiory.m */ = {isa = PBXFileReference; fileEncoding = 4; lastKnownFileType = sourcecode.c.objc; path = JobSeekerRepositiory.m; sourceTree = "<group>"; };
		822181DF1965A81600993891 /* JobSeekersCollection.h */ = {isa = PBXFileReference; fileEncoding = 4; lastKnownFileType = sourcecode.c.h; path = JobSeekersCollection.h; sourceTree = "<group>"; };
		822181E01965A81600993891 /* JobSeekersCollection.m */ = {isa = PBXFileReference; fileEncoding = 4; lastKnownFileType = sourcecode.c.objc; path = JobSeekersCollection.m; sourceTree = "<group>"; };
		8228BE67195B0C4C000A7E90 /* Resumes.h */ = {isa = PBXFileReference; fileEncoding = 4; lastKnownFileType = sourcecode.c.h; path = Resumes.h; sourceTree = "<group>"; };
		8228BE68195B0C4C000A7E90 /* Resumes.m */ = {isa = PBXFileReference; fileEncoding = 4; lastKnownFileType = sourcecode.c.objc; path = Resumes.m; sourceTree = "<group>"; };
		822C7EB6196F1920003EB958 /* JobsModel.h */ = {isa = PBXFileReference; fileEncoding = 4; lastKnownFileType = sourcecode.c.h; path = JobsModel.h; sourceTree = "<group>"; };
		822C7EB7196F1920003EB958 /* JobsModel.m */ = {isa = PBXFileReference; fileEncoding = 4; lastKnownFileType = sourcecode.c.objc; path = JobsModel.m; sourceTree = "<group>"; };
		822C7EB9196F19CD003EB958 /* PostedJobsForJobID.h */ = {isa = PBXFileReference; fileEncoding = 4; lastKnownFileType = sourcecode.c.h; path = PostedJobsForJobID.h; sourceTree = "<group>"; };
		822C7EBA196F19CD003EB958 /* PostedJobsForJobID.m */ = {isa = PBXFileReference; fileEncoding = 4; lastKnownFileType = sourcecode.c.objc; path = PostedJobsForJobID.m; sourceTree = "<group>"; };
		825CA21B195DF5DF00FFD5B0 /* JobApplicationCoreFields.h */ = {isa = PBXFileReference; fileEncoding = 4; lastKnownFileType = sourcecode.c.h; path = JobApplicationCoreFields.h; sourceTree = "<group>"; };
		825CA21C195DF5DF00FFD5B0 /* JobApplicationCoreFields.m */ = {isa = PBXFileReference; fileEncoding = 4; lastKnownFileType = sourcecode.c.objc; path = JobApplicationCoreFields.m; sourceTree = "<group>"; };
		825CA21F195DFC9900FFD5B0 /* IReportStringGenerator.h */ = {isa = PBXFileReference; fileEncoding = 4; lastKnownFileType = sourcecode.c.h; path = IReportStringGenerator.h; sourceTree = "<group>"; };
		825CA220195DFCBA00FFD5B0 /* CSVReportStringGenerator.h */ = {isa = PBXFileReference; fileEncoding = 4; lastKnownFileType = sourcecode.c.h; path = CSVReportStringGenerator.h; sourceTree = "<group>"; };
		825CA221195DFCBA00FFD5B0 /* CSVReportStringGenerator.m */ = {isa = PBXFileReference; fileEncoding = 4; lastKnownFileType = sourcecode.c.objc; path = CSVReportStringGenerator.m; sourceTree = "<group>"; };
		825CA223195DFCC800FFD5B0 /* HTMLReportStringGenerator.h */ = {isa = PBXFileReference; fileEncoding = 4; lastKnownFileType = sourcecode.c.h; path = HTMLReportStringGenerator.h; sourceTree = "<group>"; };
		825CA224195DFCC800FFD5B0 /* HTMLReportStringGenerator.m */ = {isa = PBXFileReference; fileEncoding = 4; lastKnownFileType = sourcecode.c.objc; path = HTMLReportStringGenerator.m; sourceTree = "<group>"; };
		827ADE11196451060070045F /* JobSeekerIDName.h */ = {isa = PBXFileReference; fileEncoding = 4; lastKnownFileType = sourcecode.c.h; path = JobSeekerIDName.h; sourceTree = "<group>"; };
		827ADE12196451060070045F /* JobSeekerIDName.m */ = {isa = PBXFileReference; fileEncoding = 4; lastKnownFileType = sourcecode.c.objc; path = JobSeekerIDName.m; sourceTree = "<group>"; };
		8297851E19633ED000D750EC /* IJobApplication.h */ = {isa = PBXFileReference; fileEncoding = 4; lastKnownFileType = sourcecode.c.h; path = IJobApplication.h; sourceTree = "<group>"; };
		82A728BB19537E3F0039DF87 /* JSModel.h */ = {isa = PBXFileReference; fileEncoding = 4; lastKnownFileType = sourcecode.c.h; path = JSModel.h; sourceTree = "<group>"; };
		82A728BC19537E3F0039DF87 /* JSModel.m */ = {isa = PBXFileReference; fileEncoding = 4; lastKnownFileType = sourcecode.c.objc; path = JSModel.m; sourceTree = "<group>"; };
		82A728BE19537E610039DF87 /* JAModel.h */ = {isa = PBXFileReference; fileEncoding = 4; lastKnownFileType = sourcecode.c.h; path = JAModel.h; sourceTree = "<group>"; };
		82A728BF19537E610039DF87 /* JAModel.m */ = {isa = PBXFileReference; fileEncoding = 4; lastKnownFileType = sourcecode.c.objc; path = JAModel.m; sourceTree = "<group>"; };
		82A728C1195384900039DF87 /* ReportGenerationTests.m */ = {isa = PBXFileReference; fileEncoding = 4; lastKnownFileType = sourcecode.c.objc; path = ReportGenerationTests.m; sourceTree = "<group>"; };
		82A728C3195384D90039DF87 /* JobMetaData.h */ = {isa = PBXFileReference; fileEncoding = 4; lastKnownFileType = sourcecode.c.h; path = JobMetaData.h; sourceTree = "<group>"; };
		82A728C4195384D90039DF87 /* JobMetaData.m */ = {isa = PBXFileReference; fileEncoding = 4; lastKnownFileType = sourcecode.c.objc; path = JobMetaData.m; sourceTree = "<group>"; };
		82AFB9B2194B7A82002ECF5A /* IDentifer.h */ = {isa = PBXFileReference; fileEncoding = 4; lastKnownFileType = sourcecode.c.h; path = IDentifer.h; sourceTree = "<group>"; };
		82AFB9B3194B7A82002ECF5A /* IDentifer.m */ = {isa = PBXFileReference; fileEncoding = 4; lastKnownFileType = sourcecode.c.objc; path = IDentifer.m; sourceTree = "<group>"; };
		82AFB9B6194B8F85002ECF5A /* JreqJob.h */ = {isa = PBXFileReference; fileEncoding = 4; lastKnownFileType = sourcecode.c.h; path = JreqJob.h; sourceTree = "<group>"; };
		82AFB9B7194B8F85002ECF5A /* JreqJob.m */ = {isa = PBXFileReference; fileEncoding = 4; lastKnownFileType = sourcecode.c.objc; path = JreqJob.m; sourceTree = "<group>"; };
		82AFB9B9194B8F93002ECF5A /* ATSJob.h */ = {isa = PBXFileReference; fileEncoding = 4; lastKnownFileType = sourcecode.c.h; path = ATSJob.h; sourceTree = "<group>"; };
		82AFB9BA194B8F93002ECF5A /* ATSJob.m */ = {isa = PBXFileReference; fileEncoding = 4; lastKnownFileType = sourcecode.c.objc; path = ATSJob.m; sourceTree = "<group>"; };
		82C31BF819703265002662F9 /* JobAppliedDateResume.h */ = {isa = PBXFileReference; fileEncoding = 4; lastKnownFileType = sourcecode.c.h; path = JobAppliedDateResume.h; sourceTree = "<group>"; };
		82C31BF919703265002662F9 /* JobAppliedDateResume.m */ = {isa = PBXFileReference; fileEncoding = 4; lastKnownFileType = sourcecode.c.objc; path = JobAppliedDateResume.m; sourceTree = "<group>"; };
		82C8ED02194F7D77009ED64F /* IJob.h */ = {isa = PBXFileReference; fileEncoding = 4; lastKnownFileType = sourcecode.c.h; path = IJob.h; sourceTree = "<group>"; };
		82C8ED05194F7DCE009ED64F /* IReportGenerator.h */ = {isa = PBXFileReference; fileEncoding = 4; lastKnownFileType = sourcecode.c.h; path = IReportGenerator.h; sourceTree = "<group>"; };
		82CDE9F21958B2E500FD06E0 /* JobIDName.h */ = {isa = PBXFileReference; fileEncoding = 4; lastKnownFileType = sourcecode.c.h; path = JobIDName.h; sourceTree = "<group>"; };
		82CDE9F31958B2E500FD06E0 /* JobIDName.m */ = {isa = PBXFileReference; fileEncoding = 4; lastKnownFileType = sourcecode.c.objc; path = JobIDName.m; sourceTree = "<group>"; };
		82CDE9F51958B93C00FD06E0 /* JobsForEmployers.h */ = {isa = PBXFileReference; fileEncoding = 4; lastKnownFileType = sourcecode.c.h; path = JobsForEmployers.h; sourceTree = "<group>"; };
		82CDE9F61958B93C00FD06E0 /* JobsForEmployers.m */ = {isa = PBXFileReference; fileEncoding = 4; lastKnownFileType = sourcecode.c.objc; path = JobsForEmployers.m; sourceTree = "<group>"; };
		82CDE9F81958BEBF00FD06E0 /* JobApplications.h */ = {isa = PBXFileReference; fileEncoding = 4; lastKnownFileType = sourcecode.c.h; path = JobApplications.h; sourceTree = "<group>"; };
		82CDE9F91958BEBF00FD06E0 /* JobApplications.m */ = {isa = PBXFileReference; fileEncoding = 4; lastKnownFileType = sourcecode.c.objc; path = JobApplications.m; sourceTree = "<group>"; };
		82D59C7C1951D64400CB917E /* EmployerTests.m */ = {isa = PBXFileReference; fileEncoding = 4; lastKnownFileType = sourcecode.c.objc; path = EmployerTests.m; sourceTree = "<group>"; };
		82DF769C1953502700504F8C /* JobseekerTest.m */ = {isa = PBXFileReference; fileEncoding = 4; lastKnownFileType = sourcecode.c.objc; path = JobseekerTest.m; sourceTree = "<group>"; };
		82FF9245195A1C160087C3E7 /* JobApplicationsForJobIDs.h */ = {isa = PBXFileReference; fileEncoding = 4; lastKnownFileType = sourcecode.c.h; path = JobApplicationsForJobIDs.h; sourceTree = "<group>"; };
		82FF9246195A1C160087C3E7 /* JobApplicationsForJobIDs.m */ = {isa = PBXFileReference; fileEncoding = 4; lastKnownFileType = sourcecode.c.objc; path = JobApplicationsForJobIDs.m; sourceTree = "<group>"; };
		82FF9248195A1CC10087C3E7 /* AppliedJobsForJobseeker.h */ = {isa = PBXFileReference; fileEncoding = 4; lastKnownFileType = sourcecode.c.h; path = AppliedJobsForJobseeker.h; sourceTree = "<group>"; };
		82FF9249195A1CC10087C3E7 /* AppliedJobsForJobseeker.m */ = {isa = PBXFileReference; fileEncoding = 4; lastKnownFileType = sourcecode.c.objc; path = AppliedJobsForJobseeker.m; sourceTree = "<group>"; };
		82FF924B195AE7910087C3E7 /* SavedJobsForJobseeker.h */ = {isa = PBXFileReference; fileEncoding = 4; lastKnownFileType = sourcecode.c.h; path = SavedJobsForJobseeker.h; sourceTree = "<group>"; };
		82FF924C195AE7910087C3E7 /* SavedJobsForJobseeker.m */ = {isa = PBXFileReference; fileEncoding = 4; lastKnownFileType = sourcecode.c.objc; path = SavedJobsForJobseeker.m; sourceTree = "<group>"; };
		82FF924F195AE8570087C3E7 /* JobApplicationsForADay.h */ = {isa = PBXFileReference; fileEncoding = 4; lastKnownFileType = sourcecode.c.h; path = JobApplicationsForADay.h; sourceTree = "<group>"; };
		82FF9250195AE8570087C3E7 /* JobApplicationsForADay.m */ = {isa = PBXFileReference; fileEncoding = 4; lastKnownFileType = sourcecode.c.objc; path = JobApplicationsForADay.m; sourceTree = "<group>"; };
		82FF9254195AE8B60087C3E7 /* SavedJobs.h */ = {isa = PBXFileReference; fileEncoding = 4; lastKnownFileType = sourcecode.c.h; path = SavedJobs.h; sourceTree = "<group>"; };
		82FF9255195AE8B60087C3E7 /* SavedJobs.m */ = {isa = PBXFileReference; fileEncoding = 4; lastKnownFileType = sourcecode.c.objc; path = SavedJobs.m; sourceTree = "<group>"; };
		82FF9257195AE8C50087C3E7 /* AppliedJobs.h */ = {isa = PBXFileReference; fileEncoding = 4; lastKnownFileType = sourcecode.c.h; path = AppliedJobs.h; sourceTree = "<group>"; };
		82FF9258195AE8C50087C3E7 /* AppliedJobs.m */ = {isa = PBXFileReference; fileEncoding = 4; lastKnownFileType = sourcecode.c.objc; path = AppliedJobs.m; sourceTree = "<group>"; };
		82FF925A195AE91E0087C3E7 /* PostedJobs.h */ = {isa = PBXFileReference; fileEncoding = 4; lastKnownFileType = sourcecode.c.h; path = PostedJobs.h; sourceTree = "<group>"; };
		82FF925B195AE91E0087C3E7 /* PostedJobs.m */ = {isa = PBXFileReference; fileEncoding = 4; lastKnownFileType = sourcecode.c.objc; path = PostedJobs.m; sourceTree = "<group>"; };
/* End PBXFileReference section */

/* Begin PBXFrameworksBuildPhase section */
		821CE33A193F723C00E5447F /* Frameworks */ = {
			isa = PBXFrameworksBuildPhase;
			buildActionMask = 2147483647;
			files = (
			);
			runOnlyForDeploymentPostprocessing = 0;
		};
		821CE353193F723C00E5447F /* Frameworks */ = {
			isa = PBXFrameworksBuildPhase;
			buildActionMask = 2147483647;
			files = (
			);
			runOnlyForDeploymentPostprocessing = 0;
		};
/* End PBXFrameworksBuildPhase section */

/* Begin PBXGroup section */
		8201B63219507A450048CA56 /* JobApplication */ = {
			isa = PBXGroup;
			children = (
				8297851E19633ED000D750EC /* IJobApplication.h */,
				8201B63319507AED0048CA56 /* JReqJobApplication.h */,
				8201B63419507AED0048CA56 /* JReqJobApplication.m */,
				8201B63619507AFD0048CA56 /* ATSJobApplication.h */,
				8201B63719507AFD0048CA56 /* ATSJobApplication.m */,
				825CA21B195DF5DF00FFD5B0 /* JobApplicationCoreFields.h */,
				825CA21C195DF5DF00FFD5B0 /* JobApplicationCoreFields.m */,
				82C31BF819703265002662F9 /* JobAppliedDateResume.h */,
				82C31BF919703265002662F9 /* JobAppliedDateResume.m */,
			);
			name = JobApplication;
			sourceTree = "<group>";
		};
		821CE334193F723C00E5447F = {
			isa = PBXGroup;
			children = (
				821CE33F193F723C00E5447F /* NewLadders */,
				821CE359193F723C00E5447F /* NewLaddersTests */,
				821CE33E193F723C00E5447F /* Products */,
			);
			sourceTree = "<group>";
		};
		821CE33E193F723C00E5447F /* Products */ = {
			isa = PBXGroup;
			children = (
				821CE33D193F723C00E5447F /* NewLadders.app */,
				821CE356193F723C00E5447F /* NewLaddersTests.xctest */,
			);
			name = Products;
			sourceTree = "<group>";
		};
		821CE33F193F723C00E5447F /* NewLadders */ = {
			isa = PBXGroup;
			children = (
				821CE344193F723C00E5447F /* AppDelegate.h */,
				821CE345193F723C00E5447F /* AppDelegate.m */,
				821CE375193F73A100E5447F /* Model */,
				821CE376193F73B100E5447F /* ViewController */,
				821CE350193F723C00E5447F /* Images.xcassets */,
				821CE34D193F723C00E5447F /* Main.storyboard */,
				821CE340193F723C00E5447F /* Supporting Files */,
			);
			path = NewLadders;
			sourceTree = "<group>";
		};
		821CE340193F723C00E5447F /* Supporting Files */ = {
			isa = PBXGroup;
			children = (
				821CE341193F723C00E5447F /* Info.plist */,
				821CE342193F723C00E5447F /* main.m */,
			);
			name = "Supporting Files";
			sourceTree = "<group>";
		};
		821CE359193F723C00E5447F /* NewLaddersTests */ = {
			isa = PBXGroup;
			children = (
				821CE35C193F723C00E5447F /* NewLaddersTests.m */,
				82D59C7C1951D64400CB917E /* EmployerTests.m */,
				82A728C1195384900039DF87 /* ReportGenerationTests.m */,
				82DF769C1953502700504F8C /* JobseekerTest.m */,
				821CE35A193F723C00E5447F /* Supporting Files */,
			);
			path = NewLaddersTests;
			sourceTree = "<group>";
		};
		821CE35A193F723C00E5447F /* Supporting Files */ = {
			isa = PBXGroup;
			children = (
				821CE35B193F723C00E5447F /* Info.plist */,
			);
			name = "Supporting Files";
			sourceTree = "<group>";
		};
		821CE375193F73A100E5447F /* Model */ = {
			isa = PBXGroup;
			children = (
				82CDE9F01958A2AD00FD06E0 /* DataModel */,
				82CDE9F11958A2CF00FD06E0 /* Entities */,
				8201B63219507A450048CA56 /* JobApplication */,
				82C8ECFC194F6869009ED64F /* Jobs */,
				82C8ED01194F779C009ED64F /* ReportGeneration */,
				82C8ECFD194F687D009ED64F /* WrapperClasses */,
			);
			name = Model;
			sourceTree = "<group>";
		};
		821CE376193F73B100E5447F /* ViewController */ = {
			isa = PBXGroup;
			children = (
				821CE347193F723C00E5447F /* FirstViewController.h */,
				821CE348193F723C00E5447F /* FirstViewController.m */,
				821CE34A193F723C00E5447F /* SecondViewController.h */,
				821CE34B193F723C00E5447F /* SecondViewController.m */,
			);
			name = ViewController;
			sourceTree = "<group>";
		};
		822C7EBC196F3BC6003EB958 /* Jobs */ = {
			isa = PBXGroup;
			children = (
				822C7EB9196F19CD003EB958 /* PostedJobsForJobID.h */,
				822C7EBA196F19CD003EB958 /* PostedJobsForJobID.m */,
			);
			name = Jobs;
			sourceTree = "<group>";
		};
		8297676D195CC7CB00A5CE96 /* Dates */ = {
			isa = PBXGroup;
			children = (
				8201B64519508FC10048CA56 /* JobPostedDate.h */,
				8201B64619508FC10048CA56 /* JobPostedDate.m */,
				8201B648195090940048CA56 /* JobApplicationDate.h */,
				8201B649195090940048CA56 /* JobApplicationDate.m */,
			);
			name = Dates;
			sourceTree = "<group>";
		};
		82C8ECFC194F6869009ED64F /* Jobs */ = {
			isa = PBXGroup;
			children = (
				82C8ED02194F7D77009ED64F /* IJob.h */,
				82AFB9B6194B8F85002ECF5A /* JreqJob.h */,
				82AFB9B7194B8F85002ECF5A /* JreqJob.m */,
				82AFB9B9194B8F93002ECF5A /* ATSJob.h */,
				82AFB9BA194B8F93002ECF5A /* ATSJob.m */,
				82A728C3195384D90039DF87 /* JobMetaData.h */,
				82A728C4195384D90039DF87 /* JobMetaData.m */,
				82CDE9F21958B2E500FD06E0 /* JobIDName.h */,
				82CDE9F31958B2E500FD06E0 /* JobIDName.m */,
			);
			name = Jobs;
			sourceTree = "<group>";
		};
		82C8ECFD194F687D009ED64F /* WrapperClasses */ = {
			isa = PBXGroup;
			children = (
				821DE47D196DFD770012969D /* UserDisplayName.h */,
				821DE47E196DFD770012969D /* UserDisplayName.m */,
				821DE480196DFD960012969D /* JobDisplayName.h */,
				821DE481196DFD960012969D /* JobDisplayName.m */,
				82AFB9B2194B7A82002ECF5A /* IDentifer.h */,
				82AFB9B3194B7A82002ECF5A /* IDentifer.m */,
				822C7EBC196F3BC6003EB958 /* Jobs */,
				8297676D195CC7CB00A5CE96 /* Dates */,
				82FF924E195AE7CF0087C3E7 /* ForEmployer */,
				82FF9252195AE8730087C3E7 /* JobApplication */,
				82FF9253195AE8930087C3E7 /* ForJobseeker */,
			);
			name = WrapperClasses;
			sourceTree = "<group>";
		};
		82C8ED01194F779C009ED64F /* ReportGeneration */ = {
			isa = PBXGroup;
			children = (
				82C8ED05194F7DCE009ED64F /* IReportGenerator.h */,
				8201B63919507D590048CA56 /* CSVReportGenerator.h */,
				8201B63A19507D590048CA56 /* CSVReportGenerator.m */,
				8201B63C19507D6D0048CA56 /* HTMLReportGenerator.h */,
				8201B63D19507D6D0048CA56 /* HTMLReportGenerator.m */,
				8201B642195083110048CA56 /* IReport.h */,
				8201B63F195080F70048CA56 /* JobApplicationReport.h */,
				8201B640195080F70048CA56 /* JobApplicationReport.m */,
				825CA21F195DFC9900FFD5B0 /* IReportStringGenerator.h */,
				825CA220195DFCBA00FFD5B0 /* CSVReportStringGenerator.h */,
				825CA221195DFCBA00FFD5B0 /* CSVReportStringGenerator.m */,
				825CA223195DFCC800FFD5B0 /* HTMLReportStringGenerator.h */,
				825CA224195DFCC800FFD5B0 /* HTMLReportStringGenerator.m */,
			);
			name = ReportGeneration;
			sourceTree = "<group>";
		};
		82CDE9F01958A2AD00FD06E0 /* DataModel */ = {
			isa = PBXGroup;
			children = (
				822181DC19659C3A00993891 /* JobSeekerRepositiory.h */,
				822181DD19659C3A00993891 /* JobSeekerRepositiory.m */,
				820557121953766500E455FA /* EmployerModel.h */,
				820557131953766500E455FA /* EmployerModel.m */,
				822C7EB6196F1920003EB958 /* JobsModel.h */,
				822C7EB7196F1920003EB958 /* JobsModel.m */,
				82A728BB19537E3F0039DF87 /* JSModel.h */,
				82A728BC19537E3F0039DF87 /* JSModel.m */,
				82A728BE19537E610039DF87 /* JAModel.h */,
				82A728BF19537E610039DF87 /* JAModel.m */,
				82211B91196D60D300B0369B /* JobIDGenerator.h */,
				82211B92196D60D300B0369B /* JobIDGenerator.m */,
			);
			name = DataModel;
			sourceTree = "<group>";
		};
		82CDE9F11958A2CF00FD06E0 /* Entities */ = {
			isa = PBXGroup;
			children = (
				821CE366193F727200E5447F /* Employer.h */,
				821CE367193F727200E5447F /* Employer.m */,
				821CE369193F728500E5447F /* Jobseeker.h */,
				821CE36A193F728500E5447F /* Jobseeker.m */,
				827ADE11196451060070045F /* JobSeekerIDName.h */,
				827ADE12196451060070045F /* JobSeekerIDName.m */,
				821CE36F193F731E00E5447F /* Resume.h */,
				821CE370193F731E00E5447F /* Resume.m */,
			);
			name = Entities;
			sourceTree = "<group>";
		};
		82FF924E195AE7CF0087C3E7 /* ForEmployer */ = {
			isa = PBXGroup;
			children = (
				82CDE9F51958B93C00FD06E0 /* JobsForEmployers.h */,
				82CDE9F61958B93C00FD06E0 /* JobsForEmployers.m */,
				82FF925A195AE91E0087C3E7 /* PostedJobs.h */,
				82FF925B195AE91E0087C3E7 /* PostedJobs.m */,
			);
			name = ForEmployer;
			sourceTree = "<group>";
		};
		82FF9252195AE8730087C3E7 /* JobApplication */ = {
			isa = PBXGroup;
			children = (
				82CDE9F81958BEBF00FD06E0 /* JobApplications.h */,
				82CDE9F91958BEBF00FD06E0 /* JobApplications.m */,
				82FF9245195A1C160087C3E7 /* JobApplicationsForJobIDs.h */,
				82FF9246195A1C160087C3E7 /* JobApplicationsForJobIDs.m */,
				82FF924F195AE8570087C3E7 /* JobApplicationsForADay.h */,
				82FF9250195AE8570087C3E7 /* JobApplicationsForADay.m */,
			);
			name = JobApplication;
			sourceTree = "<group>";
		};
		82FF9253195AE8930087C3E7 /* ForJobseeker */ = {
			isa = PBXGroup;
			children = (
				82FF9254195AE8B60087C3E7 /* SavedJobs.h */,
				82FF9255195AE8B60087C3E7 /* SavedJobs.m */,
				82FF9257195AE8C50087C3E7 /* AppliedJobs.h */,
				82FF9258195AE8C50087C3E7 /* AppliedJobs.m */,
				82FF9248195A1CC10087C3E7 /* AppliedJobsForJobseeker.h */,
				82FF9249195A1CC10087C3E7 /* AppliedJobsForJobseeker.m */,
				82FF924B195AE7910087C3E7 /* SavedJobsForJobseeker.h */,
				82FF924C195AE7910087C3E7 /* SavedJobsForJobseeker.m */,
				8228BE67195B0C4C000A7E90 /* Resumes.h */,
				8228BE68195B0C4C000A7E90 /* Resumes.m */,
				822181DF1965A81600993891 /* JobSeekersCollection.h */,
				822181E01965A81600993891 /* JobSeekersCollection.m */,
			);
			name = ForJobseeker;
			sourceTree = "<group>";
		};
/* End PBXGroup section */

/* Begin PBXNativeTarget section */
		821CE33C193F723C00E5447F /* NewLadders */ = {
			isa = PBXNativeTarget;
			buildConfigurationList = 821CE360193F723C00E5447F /* Build configuration list for PBXNativeTarget "NewLadders" */;
			buildPhases = (
				821CE339193F723C00E5447F /* Sources */,
				821CE33A193F723C00E5447F /* Frameworks */,
				821CE33B193F723C00E5447F /* Resources */,
			);
			buildRules = (
			);
			dependencies = (
			);
			name = NewLadders;
			productName = NewLadders;
			productReference = 821CE33D193F723C00E5447F /* NewLadders.app */;
			productType = "com.apple.product-type.application";
		};
		821CE355193F723C00E5447F /* NewLaddersTests */ = {
			isa = PBXNativeTarget;
			buildConfigurationList = 821CE363193F723C00E5447F /* Build configuration list for PBXNativeTarget "NewLaddersTests" */;
			buildPhases = (
				821CE352193F723C00E5447F /* Sources */,
				821CE353193F723C00E5447F /* Frameworks */,
				821CE354193F723C00E5447F /* Resources */,
			);
			buildRules = (
			);
			dependencies = (
				821CE358193F723C00E5447F /* PBXTargetDependency */,
			);
			name = NewLaddersTests;
			productName = NewLaddersTests;
			productReference = 821CE356193F723C00E5447F /* NewLaddersTests.xctest */;
			productType = "com.apple.product-type.bundle.unit-test";
		};
/* End PBXNativeTarget section */

/* Begin PBXProject section */
		821CE335193F723C00E5447F /* Project object */ = {
			isa = PBXProject;
			attributes = {
				LastUpgradeCheck = 0600;
				ORGANIZATIONNAME = "Jay Gaonkar";
				TargetAttributes = {
					821CE33C193F723C00E5447F = {
						CreatedOnToolsVersion = 6.0;
					};
					821CE355193F723C00E5447F = {
						CreatedOnToolsVersion = 6.0;
						TestTargetID = 821CE33C193F723C00E5447F;
					};
				};
			};
			buildConfigurationList = 821CE338193F723C00E5447F /* Build configuration list for PBXProject "NewLadders" */;
			compatibilityVersion = "Xcode 3.2";
			developmentRegion = English;
			hasScannedForEncodings = 0;
			knownRegions = (
				en,
				Base,
			);
			mainGroup = 821CE334193F723C00E5447F;
			productRefGroup = 821CE33E193F723C00E5447F /* Products */;
			projectDirPath = "";
			projectRoot = "";
			targets = (
				821CE33C193F723C00E5447F /* NewLadders */,
				821CE355193F723C00E5447F /* NewLaddersTests */,
			);
		};
/* End PBXProject section */

/* Begin PBXResourcesBuildPhase section */
		821CE33B193F723C00E5447F /* Resources */ = {
			isa = PBXResourcesBuildPhase;
			buildActionMask = 2147483647;
			files = (
				821CE34F193F723C00E5447F /* Main.storyboard in Resources */,
				821CE351193F723C00E5447F /* Images.xcassets in Resources */,
			);
			runOnlyForDeploymentPostprocessing = 0;
		};
		821CE354193F723C00E5447F /* Resources */ = {
			isa = PBXResourcesBuildPhase;
			buildActionMask = 2147483647;
			files = (
			);
			runOnlyForDeploymentPostprocessing = 0;
		};
/* End PBXResourcesBuildPhase section */

/* Begin PBXSourcesBuildPhase section */
		821CE339193F723C00E5447F /* Sources */ = {
			isa = PBXSourcesBuildPhase;
			buildActionMask = 2147483647;
			files = (
				8201B63519507AED0048CA56 /* JReqJobApplication.m in Sources */,
				8201B64719508FC10048CA56 /* JobPostedDate.m in Sources */,
				82A728C019537E610039DF87 /* JAModel.m in Sources */,
				827ADE13196451060070045F /* JobSeekerIDName.m in Sources */,
				82CDE9FA1958BEBF00FD06E0 /* JobApplications.m in Sources */,
				82FF925C195AE91E0087C3E7 /* PostedJobs.m in Sources */,
				82A728BD19537E3F0039DF87 /* JSModel.m in Sources */,
				82CDE9F41958B2E500FD06E0 /* JobIDName.m in Sources */,
				82A728C5195384D90039DF87 /* JobMetaData.m in Sources */,
				825CA21D195DF5DF00FFD5B0 /* JobApplicationCoreFields.m in Sources */,
				82211B93196D60D300B0369B /* JobIDGenerator.m in Sources */,
				8201B63B19507D590048CA56 /* CSVReportGenerator.m in Sources */,
				82AFB9B8194B8F85002ECF5A /* JreqJob.m in Sources */,
				82FF9256195AE8B60087C3E7 /* SavedJobs.m in Sources */,
				8201B63819507AFD0048CA56 /* ATSJobApplication.m in Sources */,
				821CE34C193F723C00E5447F /* SecondViewController.m in Sources */,
				822C7EBB196F19CD003EB958 /* PostedJobsForJobID.m in Sources */,
				82FF924A195A1CC10087C3E7 /* AppliedJobsForJobseeker.m in Sources */,
				821CE368193F727200E5447F /* Employer.m in Sources */,
				821DE47F196DFD770012969D /* UserDisplayName.m in Sources */,
				821CE346193F723C00E5447F /* AppDelegate.m in Sources */,
				82CDE9F71958B93C00FD06E0 /* JobsForEmployers.m in Sources */,
				82C31BFA19703265002662F9 /* JobAppliedDateResume.m in Sources */,
				8228BE69195B0C4C000A7E90 /* Resumes.m in Sources */,
				822181E11965A81600993891 /* JobSeekersCollection.m in Sources */,
				82FF9259195AE8C50087C3E7 /* AppliedJobs.m in Sources */,
				822181DE19659C3A00993891 /* JobSeekerRepositiory.m in Sources */,
				82FF924D195AE7910087C3E7 /* SavedJobsForJobseeker.m in Sources */,
				821DE482196DFD960012969D /* JobDisplayName.m in Sources */,
				821CE349193F723C00E5447F /* FirstViewController.m in Sources */,
				825CA222195DFCBA00FFD5B0 /* CSVReportStringGenerator.m in Sources */,
				821CE371193F731E00E5447F /* Resume.m in Sources */,
				82AFB9BB194B8F93002ECF5A /* ATSJob.m in Sources */,
				821CE36B193F728500E5447F /* Jobseeker.m in Sources */,
				8201B64A195090940048CA56 /* JobApplicationDate.m in Sources */,
				82FF9251195AE8570087C3E7 /* JobApplicationsForADay.m in Sources */,
				825CA225195DFCC800FFD5B0 /* HTMLReportStringGenerator.m in Sources */,
				821CE343193F723C00E5447F /* main.m in Sources */,
				8201B641195080F70048CA56 /* JobApplicationReport.m in Sources */,
				822C7EB8196F1920003EB958 /* JobsModel.m in Sources */,
				820557141953766500E455FA /* EmployerModel.m in Sources */,
				82FF9247195A1C160087C3E7 /* JobApplicationsForJobIDs.m in Sources */,
				8201B63E19507D6D0048CA56 /* HTMLReportGenerator.m in Sources */,
				82AFB9B4194B7A82002ECF5A /* IDentifer.m in Sources */,
			);
			runOnlyForDeploymentPostprocessing = 0;
		};
		821CE352193F723C00E5447F /* Sources */ = {
			isa = PBXSourcesBuildPhase;
			buildActionMask = 2147483647;
			files = (
				82D59C7D1951D64400CB917E /* EmployerTests.m in Sources */,
				82A728C2195384900039DF87 /* ReportGenerationTests.m in Sources */,
				821CE35D193F723C00E5447F /* NewLaddersTests.m in Sources */,
				82DF769D1953502700504F8C /* JobseekerTest.m in Sources */,
			);
			runOnlyForDeploymentPostprocessing = 0;
		};
/* End PBXSourcesBuildPhase section */

/* Begin PBXTargetDependency section */
		821CE358193F723C00E5447F /* PBXTargetDependency */ = {
			isa = PBXTargetDependency;
			target = 821CE33C193F723C00E5447F /* NewLadders */;
			targetProxy = 821CE357193F723C00E5447F /* PBXContainerItemProxy */;
		};
/* End PBXTargetDependency section */

/* Begin PBXVariantGroup section */
		821CE34D193F723C00E5447F /* Main.storyboard */ = {
			isa = PBXVariantGroup;
			children = (
				821CE34E193F723C00E5447F /* Base */,
			);
			name = Main.storyboard;
			sourceTree = "<group>";
		};
/* End PBXVariantGroup section */

/* Begin XCBuildConfiguration section */
		821CE35E193F723C00E5447F /* Debug */ = {
			isa = XCBuildConfiguration;
			buildSettings = {
				ALWAYS_SEARCH_USER_PATHS = NO;
				CLANG_CXX_LANGUAGE_STANDARD = "gnu++0x";
				CLANG_CXX_LIBRARY = "libc++";
				CLANG_ENABLE_MODULES = YES;
				CLANG_ENABLE_OBJC_ARC = YES;
				CLANG_WARN_BOOL_CONVERSION = YES;
				CLANG_WARN_CONSTANT_CONVERSION = YES;
				CLANG_WARN_DIRECT_OBJC_ISA_USAGE = YES_ERROR;
				CLANG_WARN_EMPTY_BODY = YES;
				CLANG_WARN_ENUM_CONVERSION = YES;
				CLANG_WARN_INT_CONVERSION = YES;
				CLANG_WARN_OBJC_ROOT_CLASS = YES_ERROR;
				CLANG_WARN_UNREACHABLE_CODE = YES;
				CLANG_WARN__DUPLICATE_METHOD_MATCH = YES;
				"CODE_SIGN_IDENTITY[sdk=iphoneos*]" = "iPhone Developer";
				COPY_PHASE_STRIP = NO;
				ENABLE_STRICT_OBJC_MSGSEND = YES;
				GCC_C_LANGUAGE_STANDARD = gnu99;
				GCC_DYNAMIC_NO_PIC = NO;
				GCC_OPTIMIZATION_LEVEL = 0;
				GCC_PREPROCESSOR_DEFINITIONS = (
					"DEBUG=1",
					"$(inherited)",
				);
				GCC_SYMBOLS_PRIVATE_EXTERN = NO;
				GCC_WARN_64_TO_32_BIT_CONVERSION = YES;
				GCC_WARN_ABOUT_RETURN_TYPE = YES_ERROR;
				GCC_WARN_UNDECLARED_SELECTOR = YES;
				GCC_WARN_UNINITIALIZED_AUTOS = YES_AGGRESSIVE;
				GCC_WARN_UNUSED_FUNCTION = YES;
				GCC_WARN_UNUSED_VARIABLE = YES;
				IPHONEOS_DEPLOYMENT_TARGET = 8.0;
				METAL_ENABLE_DEBUG_INFO = YES;
				ONLY_ACTIVE_ARCH = YES;
				SDKROOT = iphoneos;
				TARGETED_DEVICE_FAMILY = 2;
			};
			name = Debug;
		};
		821CE35F193F723C00E5447F /* Release */ = {
			isa = XCBuildConfiguration;
			buildSettings = {
				ALWAYS_SEARCH_USER_PATHS = NO;
				CLANG_CXX_LANGUAGE_STANDARD = "gnu++0x";
				CLANG_CXX_LIBRARY = "libc++";
				CLANG_ENABLE_MODULES = YES;
				CLANG_ENABLE_OBJC_ARC = YES;
				CLANG_WARN_BOOL_CONVERSION = YES;
				CLANG_WARN_CONSTANT_CONVERSION = YES;
				CLANG_WARN_DIRECT_OBJC_ISA_USAGE = YES_ERROR;
				CLANG_WARN_EMPTY_BODY = YES;
				CLANG_WARN_ENUM_CONVERSION = YES;
				CLANG_WARN_INT_CONVERSION = YES;
				CLANG_WARN_OBJC_ROOT_CLASS = YES_ERROR;
				CLANG_WARN_UNREACHABLE_CODE = YES;
				CLANG_WARN__DUPLICATE_METHOD_MATCH = YES;
				"CODE_SIGN_IDENTITY[sdk=iphoneos*]" = "iPhone Developer";
				COPY_PHASE_STRIP = YES;
				ENABLE_NS_ASSERTIONS = NO;
				ENABLE_STRICT_OBJC_MSGSEND = YES;
				GCC_C_LANGUAGE_STANDARD = gnu99;
				GCC_WARN_64_TO_32_BIT_CONVERSION = YES;
				GCC_WARN_ABOUT_RETURN_TYPE = YES_ERROR;
				GCC_WARN_UNDECLARED_SELECTOR = YES;
				GCC_WARN_UNINITIALIZED_AUTOS = YES_AGGRESSIVE;
				GCC_WARN_UNUSED_FUNCTION = YES;
				GCC_WARN_UNUSED_VARIABLE = YES;
				IPHONEOS_DEPLOYMENT_TARGET = 8.0;
				METAL_ENABLE_DEBUG_INFO = NO;
				SDKROOT = iphoneos;
				TARGETED_DEVICE_FAMILY = 2;
				VALIDATE_PRODUCT = YES;
			};
			name = Release;
		};
		821CE361193F723C00E5447F /* Debug */ = {
			isa = XCBuildConfiguration;
			buildSettings = {
				ASSETCATALOG_COMPILER_APPICON_NAME = AppIcon;
				ASSETCATALOG_COMPILER_LAUNCHIMAGE_NAME = LaunchImage;
				INFOPLIST_FILE = NewLadders/Info.plist;
				IPHONEOS_DEPLOYMENT_TARGET = 6.1;
				LD_RUNPATH_SEARCH_PATHS = "$(inherited) @executable_path/Frameworks";
				PRODUCT_NAME = "$(TARGET_NAME)";
			};
			name = Debug;
		};
		821CE362193F723C00E5447F /* Release */ = {
			isa = XCBuildConfiguration;
			buildSettings = {
				ASSETCATALOG_COMPILER_APPICON_NAME = AppIcon;
				ASSETCATALOG_COMPILER_LAUNCHIMAGE_NAME = LaunchImage;
				INFOPLIST_FILE = NewLadders/Info.plist;
				IPHONEOS_DEPLOYMENT_TARGET = 6.1;
				LD_RUNPATH_SEARCH_PATHS = "$(inherited) @executable_path/Frameworks";
				PRODUCT_NAME = "$(TARGET_NAME)";
			};
			name = Release;
		};
		821CE364193F723C00E5447F /* Debug */ = {
			isa = XCBuildConfiguration;
			buildSettings = {
				BUNDLE_LOADER = "$(BUILT_PRODUCTS_DIR)/NewLadders.app/NewLadders";
				FRAMEWORK_SEARCH_PATHS = (
					"$(SDKROOT)/Developer/Library/Frameworks",
					"$(inherited)",
				);
				GCC_PREPROCESSOR_DEFINITIONS = (
					"DEBUG=1",
					"$(inherited)",
				);
				INFOPLIST_FILE = NewLaddersTests/Info.plist;
				IPHONEOS_DEPLOYMENT_TARGET = 7.1;
				LD_RUNPATH_SEARCH_PATHS = "$(inherited) @executable_path/Frameworks @loader_path/Frameworks";
				METAL_ENABLE_DEBUG_INFO = YES;
				PRODUCT_NAME = "$(TARGET_NAME)";
				TEST_HOST = "$(BUNDLE_LOADER)";
			};
			name = Debug;
		};
		821CE365193F723C00E5447F /* Release */ = {
			isa = XCBuildConfiguration;
			buildSettings = {
				BUNDLE_LOADER = "$(BUILT_PRODUCTS_DIR)/NewLadders.app/NewLadders";
				FRAMEWORK_SEARCH_PATHS = (
					"$(SDKROOT)/Developer/Library/Frameworks",
					"$(inherited)",
				);
				INFOPLIST_FILE = NewLaddersTests/Info.plist;
				IPHONEOS_DEPLOYMENT_TARGET = 7.1;
				LD_RUNPATH_SEARCH_PATHS = "$(inherited) @executable_path/Frameworks @loader_path/Frameworks";
				METAL_ENABLE_DEBUG_INFO = NO;
				PRODUCT_NAME = "$(TARGET_NAME)";
				TEST_HOST = "$(BUNDLE_LOADER)";
			};
			name = Release;
		};
/* End XCBuildConfiguration section */

/* Begin XCConfigurationList section */
		821CE338193F723C00E5447F /* Build configuration list for PBXProject "NewLadders" */ = {
			isa = XCConfigurationList;
			buildConfigurations = (
				821CE35E193F723C00E5447F /* Debug */,
				821CE35F193F723C00E5447F /* Release */,
			);
			defaultConfigurationIsVisible = 0;
			defaultConfigurationName = Release;
		};
		821CE360193F723C00E5447F /* Build configuration list for PBXNativeTarget "NewLadders" */ = {
			isa = XCConfigurationList;
			buildConfigurations = (
				821CE361193F723C00E5447F /* Debug */,
				821CE362193F723C00E5447F /* Release */,
			);
			defaultConfigurationIsVisible = 0;
			defaultConfigurationName = Release;
		};
		821CE363193F723C00E5447F /* Build configuration list for PBXNativeTarget "NewLaddersTests" */ = {
			isa = XCConfigurationList;
			buildConfigurations = (
				821CE364193F723C00E5447F /* Debug */,
				821CE365193F723C00E5447F /* Release */,
			);
			defaultConfigurationIsVisible = 0;
			defaultConfigurationName = Release;
		};
/* End XCConfigurationList section */
	};
	rootObject = 821CE335193F723C00E5447F /* Project object */;
}
